
Microsoft Visual Studio Solution File, Format Version 12.00
# Visual Studio Version 17
VisualStudioVersion = 17.4.33205.214
MinimumVisualStudioVersion = 10.0.40219.1
Project("{FAE04EC0-301F-11D3-BF4B-00C04F79EFBC}") = "PoultryFormManagementSystem", "PoultryFormManagementSystem.csproj", "{3EF01DEC-5D62-4BE5-A084-DB4CF2486213}"
EndProject
Global
	GlobalSection(SolutionConfigurationPlatforms) = preSolution
		Debug|Any CPU = Debug|Any CPU
		Release|Any CPU = Release|Any CPU
	EndGlobalSection
	GlobalSection(ProjectConfigurationPlatforms) = postSolution
		{3EF01DEC-5D62-4BE5-A084-DB4CF2486213}.Debug|Any CPU.ActiveCfg = Debug|Any CPU
		{3EF01DEC-5D62-4BE5-A084-DB4CF2486213}.Debug|Any CPU.Build.0 = Debug|Any CPU
		{3EF01DEC-5D62-4BE5-A084-DB4CF2486213}.Release|Any CPU.ActiveCfg = Release|Any CPU
		{3EF01DEC-5D62-4BE5-A084-DB4CF2486213}.Release|Any CPU.Build.0 = Release|Any CPU
	EndGlobalSection
	GlobalSection(SolutionProperties) = preSolution
		HideSolutionNode = FALSE
	EndGlobalSection
	GlobalSection(ExtensibilityGlobals) = postSolution
		SolutionGuid = {887C32FD-94FA-4532-9571-11C0CDD3EDE0}
	EndGlobalSection
EndGlobal
